
Microsoft Visual Studio Solution File, Format Version 12.00
# Visual Studio Version 17
VisualStudioVersion = 17.1.32210.238
MinimumVisualStudioVersion = 10.0.40219.1
Project("{2150E333-8FDC-42A3-9474-1A3956D46DE8}") = "Services", "Services", "{341B454C-D526-4B7D-BE6B-867B0118B46C}"
EndProject
Project("{2150E333-8FDC-42A3-9474-1A3956D46DE8}") = "Catalog", "Catalog", "{7545C848-2289-4AD0-9EDA-98E9EF65CEEC}"
EndProject
Project("{9A19103F-16F7-4668-BE54-9A1E7A4F7556}") = "FreeCourse.Services.Catalog", "Services\Catalog\FreeCourse.Services.Catalog\FreeCourse.Services.Catalog.csproj", "{E1C50E45-36FA-4199-8E23-CC7AA29AEB44}"
EndProject
Project("{2150E333-8FDC-42A3-9474-1A3956D46DE8}") = "Solution Items", "Solution Items", "{FD317CC2-1CF3-4ED3-B804-24C02A9C8FDC}"
	ProjectSection(SolutionItems) = preProject
		Ports.txt = Ports.txt
	EndProjectSection
EndProject
Project("{2150E333-8FDC-42A3-9474-1A3956D46DE8}") = "Shared", "Shared", "{32F9A3AC-AEDA-4D39-949B-3B59AC8B5D1A}"
EndProject
Project("{9A19103F-16F7-4668-BE54-9A1E7A4F7556}") = "FreeCourse.Shared", "Shared\FreeCourse.Shared\FreeCourse.Shared.csproj", "{D107579F-584E-4F3B-9D20-5F3E3F57B46C}"
EndProject
Project("{2150E333-8FDC-42A3-9474-1A3956D46DE8}") = "IdentityServer", "IdentityServer", "{C31ADD8B-EC14-439A-B42E-9482AF4A7C8C}"
EndProject
Project("{9A19103F-16F7-4668-BE54-9A1E7A4F7556}") = "FreeCourse.IdentityServer", "IdentityServer\FreeCourse.IdentityServer\FreeCourse.IdentityServer.csproj", "{94C5D1C2-E750-4521-A3B2-5FFD2A16DA81}"
EndProject
Project("{2150E333-8FDC-42A3-9474-1A3956D46DE8}") = "PhotoStock", "PhotoStock", "{DFE5E840-67BD-48E2-851F-F450411A479E}"
EndProject
Project("{9A19103F-16F7-4668-BE54-9A1E7A4F7556}") = "FreeCourse.Services.PhotoStock", "Services\PhotoStock\FreeCourse.Services.PhotoStock\FreeCourse.Services.PhotoStock.csproj", "{7F6E0986-6F42-4FC4-A987-4113FD4BC960}"
EndProject
Project("{2150E333-8FDC-42A3-9474-1A3956D46DE8}") = "Basket", "Basket", "{E0F98152-5F47-424F-9C73-7CB0A010E4E4}"
EndProject
Project("{9A19103F-16F7-4668-BE54-9A1E7A4F7556}") = "FreeCourse.Services.Basket", "Services\Basket\FreeCourse.Services.Basket\FreeCourse.Services.Basket.csproj", "{02EE1130-7069-4829-A681-A17DB5EC0414}"
EndProject
Project("{2150E333-8FDC-42A3-9474-1A3956D46DE8}") = "Discount", "Discount", "{2900B384-AE0F-4FC3-881B-6812898528B4}"
EndProject
Project("{9A19103F-16F7-4668-BE54-9A1E7A4F7556}") = "FreeCourse.Services.Discount", "Services\Discount\FreeCourse.Services.Discount\FreeCourse.Services.Discount.csproj", "{B1C3D27B-D171-4A4B-BA24-922E80F939D9}"
EndProject
Project("{2150E333-8FDC-42A3-9474-1A3956D46DE8}") = "Order", "Order", "{ADFAEDE4-2740-4C9D-B81B-3B882144D0DB}"
EndProject
Project("{FAE04EC0-301F-11D3-BF4B-00C04F79EFBC}") = "FreeCourse.Services.Order.API", "Services\Order\FreeCourse.Services.Order.API\FreeCourse.Services.Order.API.csproj", "{C63A6FA4-5C60-491B-83F5-1E1ECEE71DAE}"
EndProject
Project("{FAE04EC0-301F-11D3-BF4B-00C04F79EFBC}") = "FreeCourse.Services.Order.Application", "Services\Order\FreeCourse.Services.Order.Application\FreeCourse.Services.Order.Application.csproj", "{B903F791-4BE0-4DEB-9A98-D9D1CBCFDAC1}"
EndProject
Project("{FAE04EC0-301F-11D3-BF4B-00C04F79EFBC}") = "FreeCourse.Services.Order.Domain", "Services\Order\FreeCourse.Services.Order.Domain\FreeCourse.Services.Order.Domain.csproj", "{F8F46BC8-0124-45D7-B4E0-4BF3D22804DD}"
EndProject
Project("{FAE04EC0-301F-11D3-BF4B-00C04F79EFBC}") = "FreeCourse.Services.Order.Domain.Core", "Services\Order\FreeCourse.Services.Order.Domain.Core\FreeCourse.Services.Order.Domain.Core.csproj", "{FEB1111D-2CDA-4F9D-8C7A-82DE703869C2}"
EndProject
Project("{FAE04EC0-301F-11D3-BF4B-00C04F79EFBC}") = "FreeCourse.Services.Order.Infrastructure", "Services\Order\FreeCourse.Services.Order.Infrastructure\FreeCourse.Services.Order.Infrastructure.csproj", "{18C2D6C5-4544-4BE2-AC87-E2FA4922C6CE}"
EndProject
Global
	GlobalSection(SolutionConfigurationPlatforms) = preSolution
		Debug|Any CPU = Debug|Any CPU
		Release|Any CPU = Release|Any CPU
	EndGlobalSection
	GlobalSection(ProjectConfigurationPlatforms) = postSolution
		{E1C50E45-36FA-4199-8E23-CC7AA29AEB44}.Debug|Any CPU.ActiveCfg = Debug|Any CPU
		{E1C50E45-36FA-4199-8E23-CC7AA29AEB44}.Debug|Any CPU.Build.0 = Debug|Any CPU
		{E1C50E45-36FA-4199-8E23-CC7AA29AEB44}.Release|Any CPU.ActiveCfg = Release|Any CPU
		{E1C50E45-36FA-4199-8E23-CC7AA29AEB44}.Release|Any CPU.Build.0 = Release|Any CPU
		{D107579F-584E-4F3B-9D20-5F3E3F57B46C}.Debug|Any CPU.ActiveCfg = Debug|Any CPU
		{D107579F-584E-4F3B-9D20-5F3E3F57B46C}.Debug|Any CPU.Build.0 = Debug|Any CPU
		{D107579F-584E-4F3B-9D20-5F3E3F57B46C}.Release|Any CPU.ActiveCfg = Release|Any CPU
		{D107579F-584E-4F3B-9D20-5F3E3F57B46C}.Release|Any CPU.Build.0 = Release|Any CPU
		{94C5D1C2-E750-4521-A3B2-5FFD2A16DA81}.Debug|Any CPU.ActiveCfg = Debug|Any CPU
		{94C5D1C2-E750-4521-A3B2-5FFD2A16DA81}.Debug|Any CPU.Build.0 = Debug|Any CPU
		{94C5D1C2-E750-4521-A3B2-5FFD2A16DA81}.Release|Any CPU.ActiveCfg = Release|Any CPU
		{94C5D1C2-E750-4521-A3B2-5FFD2A16DA81}.Release|Any CPU.Build.0 = Release|Any CPU
		{7F6E0986-6F42-4FC4-A987-4113FD4BC960}.Debug|Any CPU.ActiveCfg = Debug|Any CPU
		{7F6E0986-6F42-4FC4-A987-4113FD4BC960}.Debug|Any CPU.Build.0 = Debug|Any CPU
		{7F6E0986-6F42-4FC4-A987-4113FD4BC960}.Release|Any CPU.ActiveCfg = Release|Any CPU
		{7F6E0986-6F42-4FC4-A987-4113FD4BC960}.Release|Any CPU.Build.0 = Release|Any CPU
		{02EE1130-7069-4829-A681-A17DB5EC0414}.Debug|Any CPU.ActiveCfg = Debug|Any CPU
		{02EE1130-7069-4829-A681-A17DB5EC0414}.Debug|Any CPU.Build.0 = Debug|Any CPU
		{02EE1130-7069-4829-A681-A17DB5EC0414}.Release|Any CPU.ActiveCfg = Release|Any CPU
		{02EE1130-7069-4829-A681-A17DB5EC0414}.Release|Any CPU.Build.0 = Release|Any CPU
		{B1C3D27B-D171-4A4B-BA24-922E80F939D9}.Debug|Any CPU.ActiveCfg = Debug|Any CPU
		{B1C3D27B-D171-4A4B-BA24-922E80F939D9}.Debug|Any CPU.Build.0 = Debug|Any CPU
		{B1C3D27B-D171-4A4B-BA24-922E80F939D9}.Release|Any CPU.ActiveCfg = Release|Any CPU
		{B1C3D27B-D171-4A4B-BA24-922E80F939D9}.Release|Any CPU.Build.0 = Release|Any CPU
		{C63A6FA4-5C60-491B-83F5-1E1ECEE71DAE}.Debug|Any CPU.ActiveCfg = Debug|Any CPU
		{C63A6FA4-5C60-491B-83F5-1E1ECEE71DAE}.Debug|Any CPU.Build.0 = Debug|Any CPU
		{C63A6FA4-5C60-491B-83F5-1E1ECEE71DAE}.Release|Any CPU.ActiveCfg = Release|Any CPU
		{C63A6FA4-5C60-491B-83F5-1E1ECEE71DAE}.Release|Any CPU.Build.0 = Release|Any CPU
		{B903F791-4BE0-4DEB-9A98-D9D1CBCFDAC1}.Debug|Any CPU.ActiveCfg = Debug|Any CPU
		{B903F791-4BE0-4DEB-9A98-D9D1CBCFDAC1}.Debug|Any CPU.Build.0 = Debug|Any CPU
		{B903F791-4BE0-4DEB-9A98-D9D1CBCFDAC1}.Release|Any CPU.ActiveCfg = Release|Any CPU
		{B903F791-4BE0-4DEB-9A98-D9D1CBCFDAC1}.Release|Any CPU.Build.0 = Release|Any CPU
		{F8F46BC8-0124-45D7-B4E0-4BF3D22804DD}.Debug|Any CPU.ActiveCfg = Debug|Any CPU
		{F8F46BC8-0124-45D7-B4E0-4BF3D22804DD}.Debug|Any CPU.Build.0 = Debug|Any CPU
		{F8F46BC8-0124-45D7-B4E0-4BF3D22804DD}.Release|Any CPU.ActiveCfg = Release|Any CPU
		{F8F46BC8-0124-45D7-B4E0-4BF3D22804DD}.Release|Any CPU.Build.0 = Release|Any CPU
		{FEB1111D-2CDA-4F9D-8C7A-82DE703869C2}.Debug|Any CPU.ActiveCfg = Debug|Any CPU
		{FEB1111D-2CDA-4F9D-8C7A-82DE703869C2}.Debug|Any CPU.Build.0 = Debug|Any CPU
		{FEB1111D-2CDA-4F9D-8C7A-82DE703869C2}.Release|Any CPU.ActiveCfg = Release|Any CPU
		{FEB1111D-2CDA-4F9D-8C7A-82DE703869C2}.Release|Any CPU.Build.0 = Release|Any CPU
		{18C2D6C5-4544-4BE2-AC87-E2FA4922C6CE}.Debug|Any CPU.ActiveCfg = Debug|Any CPU
		{18C2D6C5-4544-4BE2-AC87-E2FA4922C6CE}.Debug|Any CPU.Build.0 = Debug|Any CPU
		{18C2D6C5-4544-4BE2-AC87-E2FA4922C6CE}.Release|Any CPU.ActiveCfg = Release|Any CPU
		{18C2D6C5-4544-4BE2-AC87-E2FA4922C6CE}.Release|Any CPU.Build.0 = Release|Any CPU
	EndGlobalSection
	GlobalSection(SolutionProperties) = preSolution
		HideSolutionNode = FALSE
	EndGlobalSection
	GlobalSection(NestedProjects) = preSolution
		{7545C848-2289-4AD0-9EDA-98E9EF65CEEC} = {341B454C-D526-4B7D-BE6B-867B0118B46C}
		{E1C50E45-36FA-4199-8E23-CC7AA29AEB44} = {7545C848-2289-4AD0-9EDA-98E9EF65CEEC}
		{D107579F-584E-4F3B-9D20-5F3E3F57B46C} = {32F9A3AC-AEDA-4D39-949B-3B59AC8B5D1A}
		{94C5D1C2-E750-4521-A3B2-5FFD2A16DA81} = {C31ADD8B-EC14-439A-B42E-9482AF4A7C8C}
		{DFE5E840-67BD-48E2-851F-F450411A479E} = {341B454C-D526-4B7D-BE6B-867B0118B46C}
		{7F6E0986-6F42-4FC4-A987-4113FD4BC960} = {DFE5E840-67BD-48E2-851F-F450411A479E}
		{E0F98152-5F47-424F-9C73-7CB0A010E4E4} = {341B454C-D526-4B7D-BE6B-867B0118B46C}
		{02EE1130-7069-4829-A681-A17DB5EC0414} = {E0F98152-5F47-424F-9C73-7CB0A010E4E4}
		{2900B384-AE0F-4FC3-881B-6812898528B4} = {341B454C-D526-4B7D-BE6B-867B0118B46C}
		{B1C3D27B-D171-4A4B-BA24-922E80F939D9} = {2900B384-AE0F-4FC3-881B-6812898528B4}
		{ADFAEDE4-2740-4C9D-B81B-3B882144D0DB} = {341B454C-D526-4B7D-BE6B-867B0118B46C}
		{C63A6FA4-5C60-491B-83F5-1E1ECEE71DAE} = {ADFAEDE4-2740-4C9D-B81B-3B882144D0DB}
		{B903F791-4BE0-4DEB-9A98-D9D1CBCFDAC1} = {ADFAEDE4-2740-4C9D-B81B-3B882144D0DB}
		{F8F46BC8-0124-45D7-B4E0-4BF3D22804DD} = {ADFAEDE4-2740-4C9D-B81B-3B882144D0DB}
		{FEB1111D-2CDA-4F9D-8C7A-82DE703869C2} = {ADFAEDE4-2740-4C9D-B81B-3B882144D0DB}
		{18C2D6C5-4544-4BE2-AC87-E2FA4922C6CE} = {ADFAEDE4-2740-4C9D-B81B-3B882144D0DB}
	EndGlobalSection
	GlobalSection(ExtensibilityGlobals) = postSolution
		SolutionGuid = {FBCDC8F3-B391-47C3-840A-15C99B1BBC4C}
	EndGlobalSection
EndGlobal
